// !$*UTF8*$!
{
	archiveVersion = 1;
	classes = {
	};
	objectVersion = 55;
	objects = {

/* Begin PBXBuildFile section */
		1C474F13288B6A18007B1D44 /* CoreDataProjectApp.swift in Sources */ = {isa = PBXBuildFile; fileRef = 1C474F12288B6A18007B1D44 /* CoreDataProjectApp.swift */; };
		1C474F15288B6A18007B1D44 /* ContentView.swift in Sources */ = {isa = PBXBuildFile; fileRef = 1C474F14288B6A18007B1D44 /* ContentView.swift */; };
		1C474F17288B6A1B007B1D44 /* Assets.xcassets in Resources */ = {isa = PBXBuildFile; fileRef = 1C474F16288B6A1B007B1D44 /* Assets.xcassets */; };
		1C474F1A288B6A1B007B1D44 /* Preview Assets.xcassets in Resources */ = {isa = PBXBuildFile; fileRef = 1C474F19288B6A1B007B1D44 /* Preview Assets.xcassets */; };
		1C474F25288B6A1B007B1D44 /* CoreDataProjectTests.swift in Sources */ = {isa = PBXBuildFile; fileRef = 1C474F24288B6A1B007B1D44 /* CoreDataProjectTests.swift */; };
		1C474F2F288B6A1B007B1D44 /* CoreDataProjectUITests.swift in Sources */ = {isa = PBXBuildFile; fileRef = 1C474F2E288B6A1B007B1D44 /* CoreDataProjectUITests.swift */; };
		1C474F31288B6A1B007B1D44 /* CoreDataProjectUITestsLaunchTests.swift in Sources */ = {isa = PBXBuildFile; fileRef = 1C474F30288B6A1B007B1D44 /* CoreDataProjectUITestsLaunchTests.swift */; };
		1C474F3E288B6A56007B1D44 /* DataController.swift in Sources */ = {isa = PBXBuildFile; fileRef = 1C474F3D288B6A56007B1D44 /* DataController.swift */; };
		1C474F41288B6A94007B1D44 /* CoreDataProject.xcdatamodeld in Sources */ = {isa = PBXBuildFile; fileRef = 1C474F3F288B6A94007B1D44 /* CoreDataProject.xcdatamodeld */; };
/* End PBXBuildFile section */

/* Begin PBXContainerItemProxy section */
		1C474F21288B6A1B007B1D44 /* PBXContainerItemProxy */ = {
			isa = PBXContainerItemProxy;
			containerPortal = 1C474F07288B6A17007B1D44 /* Project object */;
			proxyType = 1;
			remoteGlobalIDString = 1C474F0E288B6A18007B1D44;
			remoteInfo = CoreDataProject;
		};
		1C474F2B288B6A1B007B1D44 /* PBXContainerItemProxy */ = {
			isa = PBXContainerItemProxy;
			containerPortal = 1C474F07288B6A17007B1D44 /* Project object */;
			proxyType = 1;
			remoteGlobalIDString = 1C474F0E288B6A18007B1D44;
			remoteInfo = CoreDataProject;
		};
/* End PBXContainerItemProxy section */

/* Begin PBXFileReference section */
		1C474F0F288B6A18007B1D44 /* CoreDataProject.app */ = {isa = PBXFileReference; explicitFileType = wrapper.application; includeInIndex = 0; path = CoreDataProject.app; sourceTree = BUILT_PRODUCTS_DIR; };
		1C474F12288B6A18007B1D44 /* CoreDataProjectApp.swift */ = {isa = PBXFileReference; lastKnownFileType = sourcecode.swift; path = CoreDataProjectApp.swift; sourceTree = "<group>"; };
		1C474F14288B6A18007B1D44 /* ContentView.swift */ = {isa = PBXFileReference; lastKnownFileType = sourcecode.swift; path = ContentView.swift; sourceTree = "<group>"; };
		1C474F16288B6A1B007B1D44 /* Assets.xcassets */ = {isa = PBXFileReference; lastKnownFileType = folder.assetcatalog; path = Assets.xcassets; sourceTree = "<group>"; };
		1C474F19288B6A1B007B1D44 /* Preview Assets.xcassets */ = {isa = PBXFileReference; lastKnownFileType = folder.assetcatalog; path = "Preview Assets.xcassets"; sourceTree = "<group>"; };
		1C474F1B288B6A1B007B1D44 /* CoreDataProject.entitlements */ = {isa = PBXFileReference; lastKnownFileType = text.plist.entitlements; path = CoreDataProject.entitlements; sourceTree = "<group>"; };
		1C474F20288B6A1B007B1D44 /* CoreDataProjectTests.xctest */ = {isa = PBXFileReference; explicitFileType = wrapper.cfbundle; includeInIndex = 0; path = CoreDataProjectTests.xctest; sourceTree = BUILT_PRODUCTS_DIR; };
		1C474F24288B6A1B007B1D44 /* CoreDataProjectTests.swift */ = {isa = PBXFileReference; lastKnownFileType = sourcecode.swift; path = CoreDataProjectTests.swift; sourceTree = "<group>"; };
		1C474F2A288B6A1B007B1D44 /* CoreDataProjectUITests.xctest */ = {isa = PBXFileReference; explicitFileType = wrapper.cfbundle; includeInIndex = 0; path = CoreDataProjectUITests.xctest; sourceTree = BUILT_PRODUCTS_DIR; };
		1C474F2E288B6A1B007B1D44 /* CoreDataProjectUITests.swift */ = {isa = PBXFileReference; lastKnownFileType = sourcecode.swift; path = CoreDataProjectUITests.swift; sourceTree = "<group>"; };
		1C474F30288B6A1B007B1D44 /* CoreDataProjectUITestsLaunchTests.swift */ = {isa = PBXFileReference; lastKnownFileType = sourcecode.swift; path = CoreDataProjectUITestsLaunchTests.swift; sourceTree = "<group>"; };
		1C474F3D288B6A56007B1D44 /* DataController.swift */ = {isa = PBXFileReference; fileEncoding = 4; lastKnownFileType = sourcecode.swift; path = DataController.swift; sourceTree = "<group>"; };
		1C474F40288B6A94007B1D44 /* CoreDataProject.xcdatamodel */ = {isa = PBXFileReference; lastKnownFileType = wrapper.xcdatamodel; path = CoreDataProject.xcdatamodel; sourceTree = "<group>"; };
/* End PBXFileReference section */

/* Begin PBXFrameworksBuildPhase section */
		1C474F0C288B6A18007B1D44 /* Frameworks */ = {
			isa = PBXFrameworksBuildPhase;
			buildActionMask = 2147483647;
			files = (
			);
			runOnlyForDeploymentPostprocessing = 0;
		};
		1C474F1D288B6A1B007B1D44 /* Frameworks */ = {
			isa = PBXFrameworksBuildPhase;
			buildActionMask = 2147483647;
			files = (
			);
			runOnlyForDeploymentPostprocessing = 0;
		};
		1C474F27288B6A1B007B1D44 /* Frameworks */ = {
			isa = PBXFrameworksBuildPhase;
			buildActionMask = 2147483647;
			files = (
			);
			runOnlyForDeploymentPostprocessing = 0;
		};
/* End PBXFrameworksBuildPhase section */

/* Begin PBXGroup section */
		1C474F06288B6A17007B1D44 = {
			isa = PBXGroup;
			children = (
				1C474F11288B6A18007B1D44 /* CoreDataProject */,
				1C474F23288B6A1B007B1D44 /* CoreDataProjectTests */,
				1C474F2D288B6A1B007B1D44 /* CoreDataProjectUITests */,
				1C474F10288B6A18007B1D44 /* Products */,
			);
			sourceTree = "<group>";
		};
		1C474F10288B6A18007B1D44 /* Products */ = {
			isa = PBXGroup;
			children = (
				1C474F0F288B6A18007B1D44 /* CoreDataProject.app */,
				1C474F20288B6A1B007B1D44 /* CoreDataProjectTests.xctest */,
				1C474F2A288B6A1B007B1D44 /* CoreDataProjectUITests.xctest */,
			);
			name = Products;
			sourceTree = "<group>";
		};
		1C474F11288B6A18007B1D44 /* CoreDataProject */ = {
			isa = PBXGroup;
			children = (
				1C474F3D288B6A56007B1D44 /* DataController.swift */,
				1C474F3F288B6A94007B1D44 /* CoreDataProject.xcdatamodeld */,
				1C474F12288B6A18007B1D44 /* CoreDataProjectApp.swift */,
				1C474F14288B6A18007B1D44 /* ContentView.swift */,
				1C474F16288B6A1B007B1D44 /* Assets.xcassets */,
				1C474F1B288B6A1B007B1D44 /* CoreDataProject.entitlements */,
				1C474F18288B6A1B007B1D44 /* Preview Content */,
			);
			path = CoreDataProject;
			sourceTree = "<group>";
		};
		1C474F18288B6A1B007B1D44 /* Preview Content */ = {
			isa = PBXGroup;
			children = (
				1C474F19288B6A1B007B1D44 /* Preview Assets.xcassets */,
			);
			path = "Preview Content";
			sourceTree = "<group>";
		};
		1C474F23288B6A1B007B1D44 /* CoreDataProjectTests */ = {
			isa = PBXGroup;
			children = (
				1C474F24288B6A1B007B1D44 /* CoreDataProjectTests.swift */,
			);
			path = CoreDataProjectTests;
			sourceTree = "<group>";
		};
		1C474F2D288B6A1B007B1D44 /* CoreDataProjectUITests */ = {
			isa = PBXGroup;
			children = (
				1C474F2E288B6A1B007B1D44 /* CoreDataProjectUITests.swift */,
				1C474F30288B6A1B007B1D44 /* CoreDataProjectUITestsLaunchTests.swift */,
			);
			path = CoreDataProjectUITests;
			sourceTree = "<group>";
		};
/* End PBXGroup section */

/* Begin PBXNativeTarget section */
		1C474F0E288B6A18007B1D44 /* CoreDataProject */ = {
			isa = PBXNativeTarget;
			buildConfigurationList = 1C474F34288B6A1B007B1D44 /* Build configuration list for PBXNativeTarget "CoreDataProject" */;
			buildPhases = (
				1C474F0B288B6A18007B1D44 /* Sources */,
				1C474F0C288B6A18007B1D44 /* Frameworks */,
				1C474F0D288B6A18007B1D44 /* Resources */,
			);
			buildRules = (
			);
			dependencies = (
			);
			name = CoreDataProject;
			productName = CoreDataProject;
			productReference = 1C474F0F288B6A18007B1D44 /* CoreDataProject.app */;
			productType = "com.apple.product-type.application";
		};
		1C474F1F288B6A1B007B1D44 /* CoreDataProjectTests */ = {
			isa = PBXNativeTarget;
			buildConfigurationList = 1C474F37288B6A1B007B1D44 /* Build configuration list for PBXNativeTarget "CoreDataProjectTests" */;
			buildPhases = (
				1C474F1C288B6A1B007B1D44 /* Sources */,
				1C474F1D288B6A1B007B1D44 /* Frameworks */,
				1C474F1E288B6A1B007B1D44 /* Resources */,
			);
			buildRules = (
			);
			dependencies = (
				1C474F22288B6A1B007B1D44 /* PBXTargetDependency */,
			);
			name = CoreDataProjectTests;
			productName = CoreDataProjectTests;
			productReference = 1C474F20288B6A1B007B1D44 /* CoreDataProjectTests.xctest */;
			productType = "com.apple.product-type.bundle.unit-test";
		};
		1C474F29288B6A1B007B1D44 /* CoreDataProjectUITests */ = {
			isa = PBXNativeTarget;
			buildConfigurationList = 1C474F3A288B6A1B007B1D44 /* Build configuration list for PBXNativeTarget "CoreDataProjectUITests" */;
			buildPhases = (
				1C474F26288B6A1B007B1D44 /* Sources */,
				1C474F27288B6A1B007B1D44 /* Frameworks */,
				1C474F28288B6A1B007B1D44 /* Resources */,
			);
			buildRules = (
			);
			dependencies = (
				1C474F2C288B6A1B007B1D44 /* PBXTargetDependency */,
			);
			name = CoreDataProjectUITests;
			productName = CoreDataProjectUITests;
			productReference = 1C474F2A288B6A1B007B1D44 /* CoreDataProjectUITests.xctest */;
			productType = "com.apple.product-type.bundle.ui-testing";
		};
/* End PBXNativeTarget section */

/* Begin PBXProject section */
		1C474F07288B6A17007B1D44 /* Project object */ = {
			isa = PBXProject;
			attributes = {
				BuildIndependentTargetsInParallel = 1;
				LastSwiftUpdateCheck = 1340;
				LastUpgradeCheck = 1340;
				TargetAttributes = {
					1C474F0E288B6A18007B1D44 = {
						CreatedOnToolsVersion = 13.4.1;
					};
					1C474F1F288B6A1B007B1D44 = {
						CreatedOnToolsVersion = 13.4.1;
						TestTargetID = 1C474F0E288B6A18007B1D44;
					};
					1C474F29288B6A1B007B1D44 = {
						CreatedOnToolsVersion = 13.4.1;
						TestTargetID = 1C474F0E288B6A18007B1D44;
					};
				};
			};
			buildConfigurationList = 1C474F0A288B6A18007B1D44 /* Build configuration list for PBXProject "CoreDataProject" */;
			compatibilityVersion = "Xcode 13.0";
			developmentRegion = en;
			hasScannedForEncodings = 0;
			knownRegions = (
				en,
				Base,
			);
			mainGroup = 1C474F06288B6A17007B1D44;
			productRefGroup = 1C474F10288B6A18007B1D44 /* Products */;
			projectDirPath = "";
			projectRoot = "";
			targets = (
				1C474F0E288B6A18007B1D44 /* CoreDataProject */,
				1C474F1F288B6A1B007B1D44 /* CoreDataProjectTests */,
				1C474F29288B6A1B007B1D44 /* CoreDataProjectUITests */,
			);
		};
/* End PBXProject section */

/* Begin PBXResourcesBuildPhase section */
		1C474F0D288B6A18007B1D44 /* Resources */ = {
			isa = PBXResourcesBuildPhase;
			buildActionMask = 2147483647;
			files = (
				1C474F1A288B6A1B007B1D44 /* Preview Assets.xcassets in Resources */,
				1C474F17288B6A1B007B1D44 /* Assets.xcassets in Resources */,
			);
			runOnlyForDeploymentPostprocessing = 0;
		};
		1C474F1E288B6A1B007B1D44 /* Resources */ = {
			isa = PBXResourcesBuildPhase;
			buildActionMask = 2147483647;
			files = (
			);
			runOnlyForDeploymentPostprocessing = 0;
		};
		1C474F28288B6A1B007B1D44 /* Resources */ = {
			isa = PBXResourcesBuildPhase;
			buildActionMask = 2147483647;
			files = (
			);
			runOnlyForDeploymentPostprocessing = 0;
		};
/* End PBXResourcesBuildPhase section */

/* Begin PBXSourcesBuildPhase section */
		1C474F0B288B6A18007B1D44 /* Sources */ = {
			isa = PBXSourcesBuildPhase;
			buildActionMask = 2147483647;
			files = (
				1C474F15288B6A18007B1D44 /* ContentView.swift in Sources */,
				1C474F3E288B6A56007B1D44 /* DataController.swift in Sources */,
				1C474F41288B6A94007B1D44 /* CoreDataProject.xcdatamodeld in Sources */,
				1C474F13288B6A18007B1D44 /* CoreDataProjectApp.swift in Sources */,
			);
			runOnlyForDeploymentPostprocessing = 0;
		};
		1C474F1C288B6A1B007B1D44 /* Sources */ = {
			isa = PBXSourcesBuildPhase;
			buildActionMask = 2147483647;
			files = (
				1C474F25288B6A1B007B1D44 /* CoreDataProjectTests.swift in Sources */,
			);
			runOnlyForDeploymentPostprocessing = 0;
		};
		1C474F26288B6A1B007B1D44 /* Sources */ = {
			isa = PBXSourcesBuildPhase;
			buildActionMask = 2147483647;
			files = (
				1C474F2F288B6A1B007B1D44 /* CoreDataProjectUITests.swift in Sources */,
				1C474F31288B6A1B007B1D44 /* CoreDataProjectUITestsLaunchTests.swift in Sources */,
			);
			runOnlyForDeploymentPostprocessing = 0;
		};
/* End PBXSourcesBuildPhase section */

/* Begin PBXTargetDependency section */
		1C474F22288B6A1B007B1D44 /* PBXTargetDependency */ = {
			isa = PBXTargetDependency;
			target = 1C474F0E288B6A18007B1D44 /* CoreDataProject */;
			targetProxy = 1C474F21288B6A1B007B1D44 /* PBXContainerItemProxy */;
		};
		1C474F2C288B6A1B007B1D44 /* PBXTargetDependency */ = {
			isa = PBXTargetDependency;
			target = 1C474F0E288B6A18007B1D44 /* CoreDataProject */;
			targetProxy = 1C474F2B288B6A1B007B1D44 /* PBXContainerItemProxy */;
		};
/* End PBXTargetDependency section */

/* Begin XCBuildConfiguration section */
		1C474F32288B6A1B007B1D44 /* Debug */ = {
			isa = XCBuildConfiguration;
			buildSettings = {
				ALWAYS_SEARCH_USER_PATHS = NO;
				CLANG_ANALYZER_NONNULL = YES;
				CLANG_ANALYZER_NUMBER_OBJECT_CONVERSION = YES_AGGRESSIVE;
				CLANG_CXX_LANGUAGE_STANDARD = "gnu++17";
				CLANG_ENABLE_MODULES = YES;
				CLANG_ENABLE_OBJC_ARC = YES;
				CLANG_ENABLE_OBJC_WEAK = YES;
				CLANG_WARN_BLOCK_CAPTURE_AUTORELEASING = YES;
				CLANG_WARN_BOOL_CONVERSION = YES;
				CLANG_WARN_COMMA = YES;
				CLANG_WARN_CONSTANT_CONVERSION = YES;
				CLANG_WARN_DEPRECATED_OBJC_IMPLEMENTATIONS = YES;
				CLANG_WARN_DIRECT_OBJC_ISA_USAGE = YES_ERROR;
				CLANG_WARN_DOCUMENTATION_COMMENTS = YES;
				CLANG_WARN_EMPTY_BODY = YES;
				CLANG_WARN_ENUM_CONVERSION = YES;
				CLANG_WARN_INFINITE_RECURSION = YES;
				CLANG_WARN_INT_CONVERSION = YES;
				CLANG_WARN_NON_LITERAL_NULL_CONVERSION = YES;
				CLANG_WARN_OBJC_IMPLICIT_RETAIN_SELF = YES;
				CLANG_WARN_OBJC_LITERAL_CONVERSION = YES;
				CLANG_WARN_OBJC_ROOT_CLASS = YES_ERROR;
				CLANG_WARN_QUOTED_INCLUDE_IN_FRAMEWORK_HEADER = YES;
				CLANG_WARN_RANGE_LOOP_ANALYSIS = YES;
				CLANG_WARN_STRICT_PROTOTYPES = YES;
				CLANG_WARN_SUSPICIOUS_MOVE = YES;
				CLANG_WARN_UNGUARDED_AVAILABILITY = YES_AGGRESSIVE;
				CLANG_WARN_UNREACHABLE_CODE = YES;
				CLANG_WARN__DUPLICATE_METHOD_MATCH = YES;
				COPY_PHASE_STRIP = NO;
				DEBUG_INFORMATION_FORMAT = dwarf;
				ENABLE_STRICT_OBJC_MSGSEND = YES;
				ENABLE_TESTABILITY = YES;
				GCC_C_LANGUAGE_STANDARD = gnu11;
				GCC_DYNAMIC_NO_PIC = NO;
				GCC_NO_COMMON_BLOCKS = YES;
				GCC_OPTIMIZATION_LEVEL = 0;
				GCC_PREPROCESSOR_DEFINITIONS = (
					"DEBUG=1",
					"$(inherited)",
				);
				GCC_WARN_64_TO_32_BIT_CONVERSION = YES;
				GCC_WARN_ABOUT_RETURN_TYPE = YES_ERROR;
				GCC_WARN_UNDECLARED_SELECTOR = YES;
				GCC_WARN_UNINITIALIZED_AUTOS = YES_AGGRESSIVE;
				GCC_WARN_UNUSED_FUNCTION = YES;
				GCC_WARN_UNUSED_VARIABLE = YES;
				MACOSX_DEPLOYMENT_TARGET = 12.3;
				MTL_ENABLE_DEBUG_INFO = INCLUDE_SOURCE;
				MTL_FAST_MATH = YES;
				ONLY_ACTIVE_ARCH = YES;
				SDKROOT = macosx;
				SWIFT_ACTIVE_COMPILATION_CONDITIONS = DEBUG;
				SWIFT_OPTIMIZATION_LEVEL = "-Onone";
			};
			name = Debug;
		};
		1C474F33288B6A1B007B1D44 /* Release */ = {
			isa = XCBuildConfiguration;
			buildSettings = {
				ALWAYS_SEARCH_USER_PATHS = NO;
				CLANG_ANALYZER_NONNULL = YES;
				CLANG_ANALYZER_NUMBER_OBJECT_CONVERSION = YES_AGGRESSIVE;
				CLANG_CXX_LANGUAGE_STANDARD = "gnu++17";
				CLANG_ENABLE_MODULES = YES;
				CLANG_ENABLE_OBJC_ARC = YES;
				CLANG_ENABLE_OBJC_WEAK = YES;
				CLANG_WARN_BLOCK_CAPTURE_AUTORELEASING = YES;
				CLANG_WARN_BOOL_CONVERSION = YES;
				CLANG_WARN_COMMA = YES;
				CLANG_WARN_CONSTANT_CONVERSION = YES;
				CLANG_WARN_DEPRECATED_OBJC_IMPLEMENTATIONS = YES;
				CLANG_WARN_DIRECT_OBJC_ISA_USAGE = YES_ERROR;
				CLANG_WARN_DOCUMENTATION_COMMENTS = YES;
				CLANG_WARN_EMPTY_BODY = YES;
				CLANG_WARN_ENUM_CONVERSION = YES;
				CLANG_WARN_INFINITE_RECURSION = YES;
				CLANG_WARN_INT_CONVERSION = YES;
				CLANG_WARN_NON_LITERAL_NULL_CONVERSION = YES;
				CLANG_WARN_OBJC_IMPLICIT_RETAIN_SELF = YES;
				CLANG_WARN_OBJC_LITERAL_CONVERSION = YES;
				CLANG_WARN_OBJC_ROOT_CLASS = YES_ERROR;
				CLANG_WARN_QUOTED_INCLUDE_IN_FRAMEWORK_HEADER = YES;
				CLANG_WARN_RANGE_LOOP_ANALYSIS = YES;
				CLANG_WARN_STRICT_PROTOTYPES = YES;
				CLANG_WARN_SUSPICIOUS_MOVE = YES;
				CLANG_WARN_UNGUARDED_AVAILABILITY = YES_AGGRESSIVE;
				CLANG_WARN_UNREACHABLE_CODE = YES;
				CLANG_WARN__DUPLICATE_METHOD_MATCH = YES;
				COPY_PHASE_STRIP = NO;
				DEBUG_INFORMATION_FORMAT = "dwarf-with-dsym";
				ENABLE_NS_ASSERTIONS = NO;
				ENABLE_STRICT_OBJC_MSGSEND = YES;
				GCC_C_LANGUAGE_STANDARD = gnu11;
				GCC_NO_COMMON_BLOCKS = YES;
				GCC_WARN_64_TO_32_BIT_CONVERSION = YES;
				GCC_WARN_ABOUT_RETURN_TYPE = YES_ERROR;
				GCC_WARN_UNDECLARED_SELECTOR = YES;
				GCC_WARN_UNINITIALIZED_AUTOS = YES_AGGRESSIVE;
				GCC_WARN_UNUSED_FUNCTION = YES;
				GCC_WARN_UNUSED_VARIABLE = YES;
				MACOSX_DEPLOYMENT_TARGET = 12.3;
				MTL_ENABLE_DEBUG_INFO = NO;
				MTL_FAST_MATH = YES;
				SDKROOT = macosx;
				SWIFT_COMPILATION_MODE = wholemodule;
				SWIFT_OPTIMIZATION_LEVEL = "-O";
			};
			name = Release;
		};
		1C474F35288B6A1B007B1D44 /* Debug */ = {
			isa = XCBuildConfiguration;
			buildSettings = {
				ASSETCATALOG_COMPILER_APPICON_NAME = AppIcon;
				ASSETCATALOG_COMPILER_GLOBAL_ACCENT_COLOR_NAME = AccentColor;
				CODE_SIGN_ENTITLEMENTS = CoreDataProject/CoreDataProject.entitlements;
				CODE_SIGN_STYLE = Automatic;
				COMBINE_HIDPI_IMAGES = YES;
				CURRENT_PROJECT_VERSION = 1;
				DEVELOPMENT_ASSET_PATHS = "\"CoreDataProject/Preview Content\"";
				DEVELOPMENT_TEAM = T2VL29ER23;
				ENABLE_HARDENED_RUNTIME = YES;
				ENABLE_PREVIEWS = YES;
				GENERATE_INFOPLIST_FILE = YES;
				INFOPLIST_KEY_NSHumanReadableCopyright = "";
				LD_RUNPATH_SEARCH_PATHS = (
					"$(inherited)",
					"@executable_path/../Frameworks",
				);
				MARKETING_VERSION = 1.0;
				PRODUCT_BUNDLE_IDENTIFIER = com.leon.CoreDataProject;
				PRODUCT_NAME = "$(TARGET_NAME)";
				SWIFT_EMIT_LOC_STRINGS = YES;
				SWIFT_VERSION = 5.0;
			};
			name = Debug;
		};
		1C474F36288B6A1B007B1D44 /* Release */ = {
			isa = XCBuildConfiguration;
			buildSettings = {
				ASSETCATALOG_COMPILER_APPICON_NAME = AppIcon;
				ASSETCATALOG_COMPILER_GLOBAL_ACCENT_COLOR_NAME = AccentColor;
				CODE_SIGN_ENTITLEMENTS = CoreDataProject/CoreDataProject.entitlements;
				CODE_SIGN_STYLE = Automatic;
				COMBINE_HIDPI_IMAGES = YES;
				CURRENT_PROJECT_VERSION = 1;
				DEVELOPMENT_ASSET_PATHS = "\"CoreDataProject/Preview Content\"";
				DEVELOPMENT_TEAM = T2VL29ER23;
				ENABLE_HARDENED_RUNTIME = YES;
				ENABLE_PREVIEWS = YES;
				GENERATE_INFOPLIST_FILE = YES;
				INFOPLIST_KEY_NSHumanReadableCopyright = "";
				LD_RUNPATH_SEARCH_PATHS = (
					"$(inherited)",
					"@executable_path/../Frameworks",
				);
				MARKETING_VERSION = 1.0;
				PRODUCT_BUNDLE_IDENTIFIER = com.leon.CoreDataProject;
				PRODUCT_NAME = "$(TARGET_NAME)";
				SWIFT_EMIT_LOC_STRINGS = YES;
				SWIFT_VERSION = 5.0;
			};
			name = Release;
		};
		1C474F38288B6A1B007B1D44 /* Debug */ = {
			isa = XCBuildConfiguration;
			buildSettings = {
				ALWAYS_EMBED_SWIFT_STANDARD_LIBRARIES = YES;
				BUNDLE_LOADER = "$(TEST_HOST)";
				CODE_SIGN_STYLE = Automatic;
				CURRENT_PROJECT_VERSION = 1;
				DEVELOPMENT_TEAM = T2VL29ER23;
				GENERATE_INFOPLIST_FILE = YES;
				MACOSX_DEPLOYMENT_TARGET = 12.3;
				MARKETING_VERSION = 1.0;
				PRODUCT_BUNDLE_IDENTIFIER = com.leon.CoreDataProjectTests;
				PRODUCT_NAME = "$(TARGET_NAME)";
				SWIFT_EMIT_LOC_STRINGS = NO;
				SWIFT_VERSION = 5.0;
				TEST_HOST = "$(BUILT_PRODUCTS_DIR)/CoreDataProject.app/Contents/MacOS/CoreDataProject";
			};
			name = Debug;
		};
		1C474F39288B6A1B007B1D44 /* Release */ = {
			isa = XCBuildConfiguration;
			buildSettings = {
				ALWAYS_EMBED_SWIFT_STANDARD_LIBRARIES = YES;
				BUNDLE_LOADER = "$(TEST_HOST)";
				CODE_SIGN_STYLE = Automatic;
				CURRENT_PROJECT_VERSION = 1;
				DEVELOPMENT_TEAM = T2VL29ER23;
				GENERATE_INFOPLIST_FILE = YES;
				MACOSX_DEPLOYMENT_TARGET = 12.3;
				MARKETING_VERSION = 1.0;
				PRODUCT_BUNDLE_IDENTIFIER = com.leon.CoreDataProjectTests;
				PRODUCT_NAME = "$(TARGET_NAME)";
				SWIFT_EMIT_LOC_STRINGS = NO;
				SWIFT_VERSION = 5.0;
				TEST_HOST = "$(BUILT_PRODUCTS_DIR)/CoreDataProject.app/Contents/MacOS/CoreDataProject";
			};
			name = Release;
		};
		1C474F3B288B6A1B007B1D44 /* Debug */ = {
			isa = XCBuildConfiguration;
			buildSettings = {
				ALWAYS_EMBED_SWIFT_STANDARD_LIBRARIES = YES;
				CODE_SIGN_STYLE = Automatic;
				CURRENT_PROJECT_VERSION = 1;
				DEVELOPMENT_TEAM = T2VL29ER23;
				GENERATE_INFOPLIST_FILE = YES;
				MARKETING_VERSION = 1.0;
				PRODUCT_BUNDLE_IDENTIFIER = com.leon.CoreDataProjectUITests;
				PRODUCT_NAME = "$(TARGET_NAME)";
				SWIFT_EMIT_LOC_STRINGS = NO;
				SWIFT_VERSION = 5.0;
				TEST_TARGET_NAME = CoreDataProject;
			};
			name = Debug;
		};
		1C474F3C288B6A1B007B1D44 /* Release */ = {
			isa = XCBuildConfiguration;
			buildSettings = {
				ALWAYS_EMBED_SWIFT_STANDARD_LIBRARIES = YES;
				CODE_SIGN_STYLE = Automatic;
				CURRENT_PROJECT_VERSION = 1;
				DEVELOPMENT_TEAM = T2VL29ER23;
				GENERATE_INFOPLIST_FILE = YES;
				MARKETING_VERSION = 1.0;
				PRODUCT_BUNDLE_IDENTIFIER = com.leon.CoreDataProjectUITests;
				PRODUCT_NAME = "$(TARGET_NAME)";
				SWIFT_EMIT_LOC_STRINGS = NO;
				SWIFT_VERSION = 5.0;
				TEST_TARGET_NAME = CoreDataProject;
			};
			name = Release;
		};
/* End XCBuildConfiguration section */

/* Begin XCConfigurationList section */
		1C474F0A288B6A18007B1D44 /* Build configuration list for PBXProject "CoreDataProject" */ = {
			isa = XCConfigurationList;
			buildConfigurations = (
				1C474F32288B6A1B007B1D44 /* Debug */,
				1C474F33288B6A1B007B1D44 /* Release */,
			);
			defaultConfigurationIsVisible = 0;
			defaultConfigurationName = Release;
		};
		1C474F34288B6A1B007B1D44 /* Build configuration list for PBXNativeTarget "CoreDataProject" */ = {
			isa = XCConfigurationList;
			buildConfigurations = (
				1C474F35288B6A1B007B1D44 /* Debug */,
				1C474F36288B6A1B007B1D44 /* Release */,
			);
			defaultConfigurationIsVisible = 0;
			defaultConfigurationName = Release;
		};
		1C474F37288B6A1B007B1D44 /* Build configuration list for PBXNativeTarget "CoreDataProjectTests" */ = {
			isa = XCConfigurationList;
			buildConfigurations = (
				1C474F38288B6A1B007B1D44 /* Debug */,
				1C474F39288B6A1B007B1D44 /* Release */,
			);
			defaultConfigurationIsVisible = 0;
			defaultConfigurationName = Release;
		};
		1C474F3A288B6A1B007B1D44 /* Build configuration list for PBXNativeTarget "CoreDataProjectUITests" */ = {
			isa = XCConfigurationList;
			buildConfigurations = (
				1C474F3B288B6A1B007B1D44 /* Debug */,
				1C474F3C288B6A1B007B1D44 /* Release */,
			);
			defaultConfigurationIsVisible = 0;
			defaultConfigurationName = Release;
		};
/* End XCConfigurationList section */

/* Begin XCVersionGroup section */
		1C474F3F288B6A94007B1D44 /* CoreDataProject.xcdatamodeld */ = {
			isa = XCVersionGroup;
			children = (
				1C474F40288B6A94007B1D44 /* CoreDataProject.xcdatamodel */,
			);
			currentVersion = 1C474F40288B6A94007B1D44 /* CoreDataProject.xcdatamodel */;
			path = CoreDataProject.xcdatamodeld;
			sourceTree = "<group>";
			versionGroupType = wrapper.xcdatamodel;
		};
/* End XCVersionGroup section */
	};
	rootObject = 1C474F07288B6A17007B1D44 /* Project object */;
}
