// !$*UTF8*$!
{
	archiveVersion = 1;
	classes = {
	};
	objectVersion = 55;
	objects = {

/* Begin PBXBuildFile section */
		1C5B53552841101D008B1556 /* FastTrackApp.swift in Sources */ = {isa = PBXBuildFile; fileRef = 1C5B53542841101D008B1556 /* FastTrackApp.swift */; };
		1C5B53572841101D008B1556 /* ContentView.swift in Sources */ = {isa = PBXBuildFile; fileRef = 1C5B53562841101D008B1556 /* ContentView.swift */; };
		1C5B53592841101F008B1556 /* Assets.xcassets in Resources */ = {isa = PBXBuildFile; fileRef = 1C5B53582841101F008B1556 /* Assets.xcassets */; };
		1C5B535C2841101F008B1556 /* Preview Assets.xcassets in Resources */ = {isa = PBXBuildFile; fileRef = 1C5B535B2841101F008B1556 /* Preview Assets.xcassets */; };
		1C5B53672841101F008B1556 /* FastTrackTests.swift in Sources */ = {isa = PBXBuildFile; fileRef = 1C5B53662841101F008B1556 /* FastTrackTests.swift */; };
		1C5B53712841101F008B1556 /* FastTrackUITests.swift in Sources */ = {isa = PBXBuildFile; fileRef = 1C5B53702841101F008B1556 /* FastTrackUITests.swift */; };
		1C5B53732841101F008B1556 /* FastTrackUITestsLaunchTests.swift in Sources */ = {isa = PBXBuildFile; fileRef = 1C5B53722841101F008B1556 /* FastTrackUITestsLaunchTests.swift */; };
		1C5B53802841159B008B1556 /* Track.swift in Sources */ = {isa = PBXBuildFile; fileRef = 1C5B537F2841159B008B1556 /* Track.swift */; };
		1C5B538428412F37008B1556 /* TrackView.swift in Sources */ = {isa = PBXBuildFile; fileRef = 1C5B538328412F37008B1556 /* TrackView.swift */; };
/* End PBXBuildFile section */

/* Begin PBXContainerItemProxy section */
		1C5B53632841101F008B1556 /* PBXContainerItemProxy */ = {
			isa = PBXContainerItemProxy;
			containerPortal = 1C5B53492841101D008B1556 /* Project object */;
			proxyType = 1;
			remoteGlobalIDString = 1C5B53502841101D008B1556;
			remoteInfo = FastTrack;
		};
		1C5B536D2841101F008B1556 /* PBXContainerItemProxy */ = {
			isa = PBXContainerItemProxy;
			containerPortal = 1C5B53492841101D008B1556 /* Project object */;
			proxyType = 1;
			remoteGlobalIDString = 1C5B53502841101D008B1556;
			remoteInfo = FastTrack;
		};
/* End PBXContainerItemProxy section */

/* Begin PBXFileReference section */
		1C5B53512841101D008B1556 /* FastTrack.app */ = {isa = PBXFileReference; explicitFileType = wrapper.application; includeInIndex = 0; path = FastTrack.app; sourceTree = BUILT_PRODUCTS_DIR; };
		1C5B53542841101D008B1556 /* FastTrackApp.swift */ = {isa = PBXFileReference; lastKnownFileType = sourcecode.swift; path = FastTrackApp.swift; sourceTree = "<group>"; };
		1C5B53562841101D008B1556 /* ContentView.swift */ = {isa = PBXFileReference; lastKnownFileType = sourcecode.swift; path = ContentView.swift; sourceTree = "<group>"; };
		1C5B53582841101F008B1556 /* Assets.xcassets */ = {isa = PBXFileReference; lastKnownFileType = folder.assetcatalog; path = Assets.xcassets; sourceTree = "<group>"; };
		1C5B535B2841101F008B1556 /* Preview Assets.xcassets */ = {isa = PBXFileReference; lastKnownFileType = folder.assetcatalog; path = "Preview Assets.xcassets"; sourceTree = "<group>"; };
		1C5B535D2841101F008B1556 /* FastTrack.entitlements */ = {isa = PBXFileReference; lastKnownFileType = text.plist.entitlements; path = FastTrack.entitlements; sourceTree = "<group>"; };
		1C5B53622841101F008B1556 /* FastTrackTests.xctest */ = {isa = PBXFileReference; explicitFileType = wrapper.cfbundle; includeInIndex = 0; path = FastTrackTests.xctest; sourceTree = BUILT_PRODUCTS_DIR; };
		1C5B53662841101F008B1556 /* FastTrackTests.swift */ = {isa = PBXFileReference; lastKnownFileType = sourcecode.swift; path = FastTrackTests.swift; sourceTree = "<group>"; };
		1C5B536C2841101F008B1556 /* FastTrackUITests.xctest */ = {isa = PBXFileReference; explicitFileType = wrapper.cfbundle; includeInIndex = 0; path = FastTrackUITests.xctest; sourceTree = BUILT_PRODUCTS_DIR; };
		1C5B53702841101F008B1556 /* FastTrackUITests.swift */ = {isa = PBXFileReference; lastKnownFileType = sourcecode.swift; path = FastTrackUITests.swift; sourceTree = "<group>"; };
		1C5B53722841101F008B1556 /* FastTrackUITestsLaunchTests.swift */ = {isa = PBXFileReference; lastKnownFileType = sourcecode.swift; path = FastTrackUITestsLaunchTests.swift; sourceTree = "<group>"; };
		1C5B537F2841159B008B1556 /* Track.swift */ = {isa = PBXFileReference; lastKnownFileType = sourcecode.swift; path = Track.swift; sourceTree = "<group>"; };
		1C5B538328412F37008B1556 /* TrackView.swift */ = {isa = PBXFileReference; lastKnownFileType = sourcecode.swift; path = TrackView.swift; sourceTree = "<group>"; };
/* End PBXFileReference section */

/* Begin PBXFrameworksBuildPhase section */
		1C5B534E2841101D008B1556 /* Frameworks */ = {
			isa = PBXFrameworksBuildPhase;
			buildActionMask = 2147483647;
			files = (
			);
			runOnlyForDeploymentPostprocessing = 0;
		};
		1C5B535F2841101F008B1556 /* Frameworks */ = {
			isa = PBXFrameworksBuildPhase;
			buildActionMask = 2147483647;
			files = (
			);
			runOnlyForDeploymentPostprocessing = 0;
		};
		1C5B53692841101F008B1556 /* Frameworks */ = {
			isa = PBXFrameworksBuildPhase;
			buildActionMask = 2147483647;
			files = (
			);
			runOnlyForDeploymentPostprocessing = 0;
		};
/* End PBXFrameworksBuildPhase section */

/* Begin PBXGroup section */
		1C5B53482841101D008B1556 = {
			isa = PBXGroup;
			children = (
				1C5B53532841101D008B1556 /* FastTrack */,
				1C5B53652841101F008B1556 /* FastTrackTests */,
				1C5B536F2841101F008B1556 /* FastTrackUITests */,
				1C5B53522841101D008B1556 /* Products */,
			);
			sourceTree = "<group>";
		};
		1C5B53522841101D008B1556 /* Products */ = {
			isa = PBXGroup;
			children = (
				1C5B53512841101D008B1556 /* FastTrack.app */,
				1C5B53622841101F008B1556 /* FastTrackTests.xctest */,
				1C5B536C2841101F008B1556 /* FastTrackUITests.xctest */,
			);
			name = Products;
			sourceTree = "<group>";
		};
		1C5B53532841101D008B1556 /* FastTrack */ = {
			isa = PBXGroup;
			children = (
				1C5B53542841101D008B1556 /* FastTrackApp.swift */,
				1C5B53562841101D008B1556 /* ContentView.swift */,
				1C5B53582841101F008B1556 /* Assets.xcassets */,
				1C5B535D2841101F008B1556 /* FastTrack.entitlements */,
				1C5B535A2841101F008B1556 /* Preview Content */,
				1C5B537F2841159B008B1556 /* Track.swift */,
				1C5B538328412F37008B1556 /* TrackView.swift */,
			);
			path = FastTrack;
			sourceTree = "<group>";
		};
		1C5B535A2841101F008B1556 /* Preview Content */ = {
			isa = PBXGroup;
			children = (
				1C5B535B2841101F008B1556 /* Preview Assets.xcassets */,
			);
			path = "Preview Content";
			sourceTree = "<group>";
		};
		1C5B53652841101F008B1556 /* FastTrackTests */ = {
			isa = PBXGroup;
			children = (
				1C5B53662841101F008B1556 /* FastTrackTests.swift */,
			);
			path = FastTrackTests;
			sourceTree = "<group>";
		};
		1C5B536F2841101F008B1556 /* FastTrackUITests */ = {
			isa = PBXGroup;
			children = (
				1C5B53702841101F008B1556 /* FastTrackUITests.swift */,
				1C5B53722841101F008B1556 /* FastTrackUITestsLaunchTests.swift */,
			);
			path = FastTrackUITests;
			sourceTree = "<group>";
		};
/* End PBXGroup section */

/* Begin PBXNativeTarget section */
		1C5B53502841101D008B1556 /* FastTrack */ = {
			isa = PBXNativeTarget;
			buildConfigurationList = 1C5B53762841101F008B1556 /* Build configuration list for PBXNativeTarget "FastTrack" */;
			buildPhases = (
				1C5B534D2841101D008B1556 /* Sources */,
				1C5B534E2841101D008B1556 /* Frameworks */,
				1C5B534F2841101D008B1556 /* Resources */,
			);
			buildRules = (
			);
			dependencies = (
			);
			name = FastTrack;
			productName = FastTrack;
			productReference = 1C5B53512841101D008B1556 /* FastTrack.app */;
			productType = "com.apple.product-type.application";
		};
		1C5B53612841101F008B1556 /* FastTrackTests */ = {
			isa = PBXNativeTarget;
			buildConfigurationList = 1C5B53792841101F008B1556 /* Build configuration list for PBXNativeTarget "FastTrackTests" */;
			buildPhases = (
				1C5B535E2841101F008B1556 /* Sources */,
				1C5B535F2841101F008B1556 /* Frameworks */,
				1C5B53602841101F008B1556 /* Resources */,
			);
			buildRules = (
			);
			dependencies = (
				1C5B53642841101F008B1556 /* PBXTargetDependency */,
			);
			name = FastTrackTests;
			productName = FastTrackTests;
			productReference = 1C5B53622841101F008B1556 /* FastTrackTests.xctest */;
			productType = "com.apple.product-type.bundle.unit-test";
		};
		1C5B536B2841101F008B1556 /* FastTrackUITests */ = {
			isa = PBXNativeTarget;
			buildConfigurationList = 1C5B537C2841101F008B1556 /* Build configuration list for PBXNativeTarget "FastTrackUITests" */;
			buildPhases = (
				1C5B53682841101F008B1556 /* Sources */,
				1C5B53692841101F008B1556 /* Frameworks */,
				1C5B536A2841101F008B1556 /* Resources */,
			);
			buildRules = (
			);
			dependencies = (
				1C5B536E2841101F008B1556 /* PBXTargetDependency */,
			);
			name = FastTrackUITests;
			productName = FastTrackUITests;
			productReference = 1C5B536C2841101F008B1556 /* FastTrackUITests.xctest */;
			productType = "com.apple.product-type.bundle.ui-testing";
		};
/* End PBXNativeTarget section */

/* Begin PBXProject section */
		1C5B53492841101D008B1556 /* Project object */ = {
			isa = PBXProject;
			attributes = {
				BuildIndependentTargetsInParallel = 1;
				LastSwiftUpdateCheck = 1340;
				LastUpgradeCheck = 1340;
				TargetAttributes = {
					1C5B53502841101D008B1556 = {
						CreatedOnToolsVersion = 13.4;
					};
					1C5B53612841101F008B1556 = {
						CreatedOnToolsVersion = 13.4;
						TestTargetID = 1C5B53502841101D008B1556;
					};
					1C5B536B2841101F008B1556 = {
						CreatedOnToolsVersion = 13.4;
						TestTargetID = 1C5B53502841101D008B1556;
					};
				};
			};
			buildConfigurationList = 1C5B534C2841101D008B1556 /* Build configuration list for PBXProject "FastTrack" */;
			compatibilityVersion = "Xcode 13.0";
			developmentRegion = en;
			hasScannedForEncodings = 0;
			knownRegions = (
				en,
				Base,
			);
			mainGroup = 1C5B53482841101D008B1556;
			productRefGroup = 1C5B53522841101D008B1556 /* Products */;
			projectDirPath = "";
			projectRoot = "";
			targets = (
				1C5B53502841101D008B1556 /* FastTrack */,
				1C5B53612841101F008B1556 /* FastTrackTests */,
				1C5B536B2841101F008B1556 /* FastTrackUITests */,
			);
		};
/* End PBXProject section */

/* Begin PBXResourcesBuildPhase section */
		1C5B534F2841101D008B1556 /* Resources */ = {
			isa = PBXResourcesBuildPhase;
			buildActionMask = 2147483647;
			files = (
				1C5B535C2841101F008B1556 /* Preview Assets.xcassets in Resources */,
				1C5B53592841101F008B1556 /* Assets.xcassets in Resources */,
			);
			runOnlyForDeploymentPostprocessing = 0;
		};
		1C5B53602841101F008B1556 /* Resources */ = {
			isa = PBXResourcesBuildPhase;
			buildActionMask = 2147483647;
			files = (
			);
			runOnlyForDeploymentPostprocessing = 0;
		};
		1C5B536A2841101F008B1556 /* Resources */ = {
			isa = PBXResourcesBuildPhase;
			buildActionMask = 2147483647;
			files = (
			);
			runOnlyForDeploymentPostprocessing = 0;
		};
/* End PBXResourcesBuildPhase section */

/* Begin PBXSourcesBuildPhase section */
		1C5B534D2841101D008B1556 /* Sources */ = {
			isa = PBXSourcesBuildPhase;
			buildActionMask = 2147483647;
			files = (
				1C5B53572841101D008B1556 /* ContentView.swift in Sources */,
				1C5B53552841101D008B1556 /* FastTrackApp.swift in Sources */,
				1C5B538428412F37008B1556 /* TrackView.swift in Sources */,
				1C5B53802841159B008B1556 /* Track.swift in Sources */,
			);
			runOnlyForDeploymentPostprocessing = 0;
		};
		1C5B535E2841101F008B1556 /* Sources */ = {
			isa = PBXSourcesBuildPhase;
			buildActionMask = 2147483647;
			files = (
				1C5B53672841101F008B1556 /* FastTrackTests.swift in Sources */,
			);
			runOnlyForDeploymentPostprocessing = 0;
		};
		1C5B53682841101F008B1556 /* Sources */ = {
			isa = PBXSourcesBuildPhase;
			buildActionMask = 2147483647;
			files = (
				1C5B53732841101F008B1556 /* FastTrackUITestsLaunchTests.swift in Sources */,
				1C5B53712841101F008B1556 /* FastTrackUITests.swift in Sources */,
			);
			runOnlyForDeploymentPostprocessing = 0;
		};
/* End PBXSourcesBuildPhase section */

/* Begin PBXTargetDependency section */
		1C5B53642841101F008B1556 /* PBXTargetDependency */ = {
			isa = PBXTargetDependency;
			target = 1C5B53502841101D008B1556 /* FastTrack */;
			targetProxy = 1C5B53632841101F008B1556 /* PBXContainerItemProxy */;
		};
		1C5B536E2841101F008B1556 /* PBXTargetDependency */ = {
			isa = PBXTargetDependency;
			target = 1C5B53502841101D008B1556 /* FastTrack */;
			targetProxy = 1C5B536D2841101F008B1556 /* PBXContainerItemProxy */;
		};
/* End PBXTargetDependency section */

/* Begin XCBuildConfiguration section */
		1C5B53742841101F008B1556 /* Debug */ = {
			isa = XCBuildConfiguration;
			buildSettings = {
				ALWAYS_SEARCH_USER_PATHS = NO;
				CLANG_ANALYZER_NONNULL = YES;
				CLANG_ANALYZER_NUMBER_OBJECT_CONVERSION = YES_AGGRESSIVE;
				CLANG_CXX_LANGUAGE_STANDARD = "gnu++17";
				CLANG_ENABLE_MODULES = YES;
				CLANG_ENABLE_OBJC_ARC = YES;
				CLANG_ENABLE_OBJC_WEAK = YES;
				CLANG_WARN_BLOCK_CAPTURE_AUTORELEASING = YES;
				CLANG_WARN_BOOL_CONVERSION = YES;
				CLANG_WARN_COMMA = YES;
				CLANG_WARN_CONSTANT_CONVERSION = YES;
				CLANG_WARN_DEPRECATED_OBJC_IMPLEMENTATIONS = YES;
				CLANG_WARN_DIRECT_OBJC_ISA_USAGE = YES_ERROR;
				CLANG_WARN_DOCUMENTATION_COMMENTS = YES;
				CLANG_WARN_EMPTY_BODY = YES;
				CLANG_WARN_ENUM_CONVERSION = YES;
				CLANG_WARN_INFINITE_RECURSION = YES;
				CLANG_WARN_INT_CONVERSION = YES;
				CLANG_WARN_NON_LITERAL_NULL_CONVERSION = YES;
				CLANG_WARN_OBJC_IMPLICIT_RETAIN_SELF = YES;
				CLANG_WARN_OBJC_LITERAL_CONVERSION = YES;
				CLANG_WARN_OBJC_ROOT_CLASS = YES_ERROR;
				CLANG_WARN_QUOTED_INCLUDE_IN_FRAMEWORK_HEADER = YES;
				CLANG_WARN_RANGE_LOOP_ANALYSIS = YES;
				CLANG_WARN_STRICT_PROTOTYPES = YES;
				CLANG_WARN_SUSPICIOUS_MOVE = YES;
				CLANG_WARN_UNGUARDED_AVAILABILITY = YES_AGGRESSIVE;
				CLANG_WARN_UNREACHABLE_CODE = YES;
				CLANG_WARN__DUPLICATE_METHOD_MATCH = YES;
				COPY_PHASE_STRIP = NO;
				DEBUG_INFORMATION_FORMAT = dwarf;
				ENABLE_STRICT_OBJC_MSGSEND = YES;
				ENABLE_TESTABILITY = YES;
				GCC_C_LANGUAGE_STANDARD = gnu11;
				GCC_DYNAMIC_NO_PIC = NO;
				GCC_NO_COMMON_BLOCKS = YES;
				GCC_OPTIMIZATION_LEVEL = 0;
				GCC_PREPROCESSOR_DEFINITIONS = (
					"DEBUG=1",
					"$(inherited)",
				);
				GCC_WARN_64_TO_32_BIT_CONVERSION = YES;
				GCC_WARN_ABOUT_RETURN_TYPE = YES_ERROR;
				GCC_WARN_UNDECLARED_SELECTOR = YES;
				GCC_WARN_UNINITIALIZED_AUTOS = YES_AGGRESSIVE;
				GCC_WARN_UNUSED_FUNCTION = YES;
				GCC_WARN_UNUSED_VARIABLE = YES;
				MACOSX_DEPLOYMENT_TARGET = 12.3;
				MTL_ENABLE_DEBUG_INFO = INCLUDE_SOURCE;
				MTL_FAST_MATH = YES;
				ONLY_ACTIVE_ARCH = YES;
				SDKROOT = macosx;
				SWIFT_ACTIVE_COMPILATION_CONDITIONS = DEBUG;
				SWIFT_OPTIMIZATION_LEVEL = "-Onone";
			};
			name = Debug;
		};
		1C5B53752841101F008B1556 /* Release */ = {
			isa = XCBuildConfiguration;
			buildSettings = {
				ALWAYS_SEARCH_USER_PATHS = NO;
				CLANG_ANALYZER_NONNULL = YES;
				CLANG_ANALYZER_NUMBER_OBJECT_CONVERSION = YES_AGGRESSIVE;
				CLANG_CXX_LANGUAGE_STANDARD = "gnu++17";
				CLANG_ENABLE_MODULES = YES;
				CLANG_ENABLE_OBJC_ARC = YES;
				CLANG_ENABLE_OBJC_WEAK = YES;
				CLANG_WARN_BLOCK_CAPTURE_AUTORELEASING = YES;
				CLANG_WARN_BOOL_CONVERSION = YES;
				CLANG_WARN_COMMA = YES;
				CLANG_WARN_CONSTANT_CONVERSION = YES;
				CLANG_WARN_DEPRECATED_OBJC_IMPLEMENTATIONS = YES;
				CLANG_WARN_DIRECT_OBJC_ISA_USAGE = YES_ERROR;
				CLANG_WARN_DOCUMENTATION_COMMENTS = YES;
				CLANG_WARN_EMPTY_BODY = YES;
				CLANG_WARN_ENUM_CONVERSION = YES;
				CLANG_WARN_INFINITE_RECURSION = YES;
				CLANG_WARN_INT_CONVERSION = YES;
				CLANG_WARN_NON_LITERAL_NULL_CONVERSION = YES;
				CLANG_WARN_OBJC_IMPLICIT_RETAIN_SELF = YES;
				CLANG_WARN_OBJC_LITERAL_CONVERSION = YES;
				CLANG_WARN_OBJC_ROOT_CLASS = YES_ERROR;
				CLANG_WARN_QUOTED_INCLUDE_IN_FRAMEWORK_HEADER = YES;
				CLANG_WARN_RANGE_LOOP_ANALYSIS = YES;
				CLANG_WARN_STRICT_PROTOTYPES = YES;
				CLANG_WARN_SUSPICIOUS_MOVE = YES;
				CLANG_WARN_UNGUARDED_AVAILABILITY = YES_AGGRESSIVE;
				CLANG_WARN_UNREACHABLE_CODE = YES;
				CLANG_WARN__DUPLICATE_METHOD_MATCH = YES;
				COPY_PHASE_STRIP = NO;
				DEBUG_INFORMATION_FORMAT = "dwarf-with-dsym";
				ENABLE_NS_ASSERTIONS = NO;
				ENABLE_STRICT_OBJC_MSGSEND = YES;
				GCC_C_LANGUAGE_STANDARD = gnu11;
				GCC_NO_COMMON_BLOCKS = YES;
				GCC_WARN_64_TO_32_BIT_CONVERSION = YES;
				GCC_WARN_ABOUT_RETURN_TYPE = YES_ERROR;
				GCC_WARN_UNDECLARED_SELECTOR = YES;
				GCC_WARN_UNINITIALIZED_AUTOS = YES_AGGRESSIVE;
				GCC_WARN_UNUSED_FUNCTION = YES;
				GCC_WARN_UNUSED_VARIABLE = YES;
				MACOSX_DEPLOYMENT_TARGET = 12.3;
				MTL_ENABLE_DEBUG_INFO = NO;
				MTL_FAST_MATH = YES;
				SDKROOT = macosx;
				SWIFT_COMPILATION_MODE = wholemodule;
				SWIFT_OPTIMIZATION_LEVEL = "-O";
			};
			name = Release;
		};
		1C5B53772841101F008B1556 /* Debug */ = {
			isa = XCBuildConfiguration;
			buildSettings = {
				ASSETCATALOG_COMPILER_APPICON_NAME = AppIcon;
				ASSETCATALOG_COMPILER_GLOBAL_ACCENT_COLOR_NAME = AccentColor;
				CODE_SIGN_ENTITLEMENTS = FastTrack/FastTrack.entitlements;
				CODE_SIGN_STYLE = Automatic;
				COMBINE_HIDPI_IMAGES = YES;
				CURRENT_PROJECT_VERSION = 1;
				DEVELOPMENT_ASSET_PATHS = "\"FastTrack/Preview Content\"";
				DEVELOPMENT_TEAM = T2VL29ER23;
				ENABLE_HARDENED_RUNTIME = YES;
				ENABLE_PREVIEWS = YES;
				GENERATE_INFOPLIST_FILE = YES;
				INFOPLIST_KEY_NSHumanReadableCopyright = "";
				LD_RUNPATH_SEARCH_PATHS = (
					"$(inherited)",
					"@executable_path/../Frameworks",
				);
				MARKETING_VERSION = 1.0;
				PRODUCT_BUNDLE_IDENTIFIER = com.leon.FastTrack;
				PRODUCT_NAME = "$(TARGET_NAME)";
				SWIFT_EMIT_LOC_STRINGS = YES;
				SWIFT_VERSION = 5.0;
			};
			name = Debug;
		};
		1C5B53782841101F008B1556 /* Release */ = {
			isa = XCBuildConfiguration;
			buildSettings = {
				ASSETCATALOG_COMPILER_APPICON_NAME = AppIcon;
				ASSETCATALOG_COMPILER_GLOBAL_ACCENT_COLOR_NAME = AccentColor;
				CODE_SIGN_ENTITLEMENTS = FastTrack/FastTrack.entitlements;
				CODE_SIGN_STYLE = Automatic;
				COMBINE_HIDPI_IMAGES = YES;
				CURRENT_PROJECT_VERSION = 1;
				DEVELOPMENT_ASSET_PATHS = "\"FastTrack/Preview Content\"";
				DEVELOPMENT_TEAM = T2VL29ER23;
				ENABLE_HARDENED_RUNTIME = YES;
				ENABLE_PREVIEWS = YES;
				GENERATE_INFOPLIST_FILE = YES;
				INFOPLIST_KEY_NSHumanReadableCopyright = "";
				LD_RUNPATH_SEARCH_PATHS = (
					"$(inherited)",
					"@executable_path/../Frameworks",
				);
				MARKETING_VERSION = 1.0;
				PRODUCT_BUNDLE_IDENTIFIER = com.leon.FastTrack;
				PRODUCT_NAME = "$(TARGET_NAME)";
				SWIFT_EMIT_LOC_STRINGS = YES;
				SWIFT_VERSION = 5.0;
			};
			name = Release;
		};
		1C5B537A2841101F008B1556 /* Debug */ = {
			isa = XCBuildConfiguration;
			buildSettings = {
				ALWAYS_EMBED_SWIFT_STANDARD_LIBRARIES = YES;
				BUNDLE_LOADER = "$(TEST_HOST)";
				CODE_SIGN_STYLE = Automatic;
				CURRENT_PROJECT_VERSION = 1;
				DEVELOPMENT_TEAM = T2VL29ER23;
				GENERATE_INFOPLIST_FILE = YES;
				MACOSX_DEPLOYMENT_TARGET = 12.3;
				MARKETING_VERSION = 1.0;
				PRODUCT_BUNDLE_IDENTIFIER = com.leon.FastTrackTests;
				PRODUCT_NAME = "$(TARGET_NAME)";
				SWIFT_EMIT_LOC_STRINGS = NO;
				SWIFT_VERSION = 5.0;
				TEST_HOST = "$(BUILT_PRODUCTS_DIR)/FastTrack.app/Contents/MacOS/FastTrack";
			};
			name = Debug;
		};
		1C5B537B2841101F008B1556 /* Release */ = {
			isa = XCBuildConfiguration;
			buildSettings = {
				ALWAYS_EMBED_SWIFT_STANDARD_LIBRARIES = YES;
				BUNDLE_LOADER = "$(TEST_HOST)";
				CODE_SIGN_STYLE = Automatic;
				CURRENT_PROJECT_VERSION = 1;
				DEVELOPMENT_TEAM = T2VL29ER23;
				GENERATE_INFOPLIST_FILE = YES;
				MACOSX_DEPLOYMENT_TARGET = 12.3;
				MARKETING_VERSION = 1.0;
				PRODUCT_BUNDLE_IDENTIFIER = com.leon.FastTrackTests;
				PRODUCT_NAME = "$(TARGET_NAME)";
				SWIFT_EMIT_LOC_STRINGS = NO;
				SWIFT_VERSION = 5.0;
				TEST_HOST = "$(BUILT_PRODUCTS_DIR)/FastTrack.app/Contents/MacOS/FastTrack";
			};
			name = Release;
		};
		1C5B537D2841101F008B1556 /* Debug */ = {
			isa = XCBuildConfiguration;
			buildSettings = {
				ALWAYS_EMBED_SWIFT_STANDARD_LIBRARIES = YES;
				CODE_SIGN_STYLE = Automatic;
				CURRENT_PROJECT_VERSION = 1;
				DEVELOPMENT_TEAM = T2VL29ER23;
				GENERATE_INFOPLIST_FILE = YES;
				MARKETING_VERSION = 1.0;
				PRODUCT_BUNDLE_IDENTIFIER = com.leon.FastTrackUITests;
				PRODUCT_NAME = "$(TARGET_NAME)";
				SWIFT_EMIT_LOC_STRINGS = NO;
				SWIFT_VERSION = 5.0;
				TEST_TARGET_NAME = FastTrack;
			};
			name = Debug;
		};
		1C5B537E2841101F008B1556 /* Release */ = {
			isa = XCBuildConfiguration;
			buildSettings = {
				ALWAYS_EMBED_SWIFT_STANDARD_LIBRARIES = YES;
				CODE_SIGN_STYLE = Automatic;
				CURRENT_PROJECT_VERSION = 1;
				DEVELOPMENT_TEAM = T2VL29ER23;
				GENERATE_INFOPLIST_FILE = YES;
				MARKETING_VERSION = 1.0;
				PRODUCT_BUNDLE_IDENTIFIER = com.leon.FastTrackUITests;
				PRODUCT_NAME = "$(TARGET_NAME)";
				SWIFT_EMIT_LOC_STRINGS = NO;
				SWIFT_VERSION = 5.0;
				TEST_TARGET_NAME = FastTrack;
			};
			name = Release;
		};
/* End XCBuildConfiguration section */

/* Begin XCConfigurationList section */
		1C5B534C2841101D008B1556 /* Build configuration list for PBXProject "FastTrack" */ = {
			isa = XCConfigurationList;
			buildConfigurations = (
				1C5B53742841101F008B1556 /* Debug */,
				1C5B53752841101F008B1556 /* Release */,
			);
			defaultConfigurationIsVisible = 0;
			defaultConfigurationName = Release;
		};
		1C5B53762841101F008B1556 /* Build configuration list for PBXNativeTarget "FastTrack" */ = {
			isa = XCConfigurationList;
			buildConfigurations = (
				1C5B53772841101F008B1556 /* Debug */,
				1C5B53782841101F008B1556 /* Release */,
			);
			defaultConfigurationIsVisible = 0;
			defaultConfigurationName = Release;
		};
		1C5B53792841101F008B1556 /* Build configuration list for PBXNativeTarget "FastTrackTests" */ = {
			isa = XCConfigurationList;
			buildConfigurations = (
				1C5B537A2841101F008B1556 /* Debug */,
				1C5B537B2841101F008B1556 /* Release */,
			);
			defaultConfigurationIsVisible = 0;
			defaultConfigurationName = Release;
		};
		1C5B537C2841101F008B1556 /* Build configuration list for PBXNativeTarget "FastTrackUITests" */ = {
			isa = XCConfigurationList;
			buildConfigurations = (
				1C5B537D2841101F008B1556 /* Debug */,
				1C5B537E2841101F008B1556 /* Release */,
			);
			defaultConfigurationIsVisible = 0;
			defaultConfigurationName = Release;
		};
/* End XCConfigurationList section */
	};
	rootObject = 1C5B53492841101D008B1556 /* Project object */;
}
