// !$*UTF8*$!
{
	archiveVersion = 1;
	classes = {
	};
	objectVersion = 55;
	objects = {

/* Begin PBXBuildFile section */
		1CFFA1A9283C210E00DDDF5A /* AnimationSandboxApp.swift in Sources */ = {isa = PBXBuildFile; fileRef = 1CFFA1A8283C210E00DDDF5A /* AnimationSandboxApp.swift */; };
		1CFFA1AB283C210E00DDDF5A /* ContentView.swift in Sources */ = {isa = PBXBuildFile; fileRef = 1CFFA1AA283C210E00DDDF5A /* ContentView.swift */; };
		1CFFA1AD283C211200DDDF5A /* Assets.xcassets in Resources */ = {isa = PBXBuildFile; fileRef = 1CFFA1AC283C211200DDDF5A /* Assets.xcassets */; };
		1CFFA1B0283C211200DDDF5A /* Preview Assets.xcassets in Resources */ = {isa = PBXBuildFile; fileRef = 1CFFA1AF283C211200DDDF5A /* Preview Assets.xcassets */; };
		1CFFA1BB283C211200DDDF5A /* AnimationSandboxTests.swift in Sources */ = {isa = PBXBuildFile; fileRef = 1CFFA1BA283C211200DDDF5A /* AnimationSandboxTests.swift */; };
		1CFFA1C5283C211200DDDF5A /* AnimationSandboxUITests.swift in Sources */ = {isa = PBXBuildFile; fileRef = 1CFFA1C4283C211200DDDF5A /* AnimationSandboxUITests.swift */; };
		1CFFA1C7283C211200DDDF5A /* AnimationSandboxUITestsLaunchTests.swift in Sources */ = {isa = PBXBuildFile; fileRef = 1CFFA1C6283C211200DDDF5A /* AnimationSandboxUITestsLaunchTests.swift */; };
/* End PBXBuildFile section */

/* Begin PBXContainerItemProxy section */
		1CFFA1B7283C211200DDDF5A /* PBXContainerItemProxy */ = {
			isa = PBXContainerItemProxy;
			containerPortal = 1CFFA19D283C210E00DDDF5A /* Project object */;
			proxyType = 1;
			remoteGlobalIDString = 1CFFA1A4283C210E00DDDF5A;
			remoteInfo = AnimationSandbox;
		};
		1CFFA1C1283C211200DDDF5A /* PBXContainerItemProxy */ = {
			isa = PBXContainerItemProxy;
			containerPortal = 1CFFA19D283C210E00DDDF5A /* Project object */;
			proxyType = 1;
			remoteGlobalIDString = 1CFFA1A4283C210E00DDDF5A;
			remoteInfo = AnimationSandbox;
		};
/* End PBXContainerItemProxy section */

/* Begin PBXFileReference section */
		1CFFA1A5283C210E00DDDF5A /* AnimationSandbox.app */ = {isa = PBXFileReference; explicitFileType = wrapper.application; includeInIndex = 0; path = AnimationSandbox.app; sourceTree = BUILT_PRODUCTS_DIR; };
		1CFFA1A8283C210E00DDDF5A /* AnimationSandboxApp.swift */ = {isa = PBXFileReference; lastKnownFileType = sourcecode.swift; path = AnimationSandboxApp.swift; sourceTree = "<group>"; };
		1CFFA1AA283C210E00DDDF5A /* ContentView.swift */ = {isa = PBXFileReference; lastKnownFileType = sourcecode.swift; path = ContentView.swift; sourceTree = "<group>"; };
		1CFFA1AC283C211200DDDF5A /* Assets.xcassets */ = {isa = PBXFileReference; lastKnownFileType = folder.assetcatalog; path = Assets.xcassets; sourceTree = "<group>"; };
		1CFFA1AF283C211200DDDF5A /* Preview Assets.xcassets */ = {isa = PBXFileReference; lastKnownFileType = folder.assetcatalog; path = "Preview Assets.xcassets"; sourceTree = "<group>"; };
		1CFFA1B1283C211200DDDF5A /* AnimationSandbox.entitlements */ = {isa = PBXFileReference; lastKnownFileType = text.plist.entitlements; path = AnimationSandbox.entitlements; sourceTree = "<group>"; };
		1CFFA1B6283C211200DDDF5A /* AnimationSandboxTests.xctest */ = {isa = PBXFileReference; explicitFileType = wrapper.cfbundle; includeInIndex = 0; path = AnimationSandboxTests.xctest; sourceTree = BUILT_PRODUCTS_DIR; };
		1CFFA1BA283C211200DDDF5A /* AnimationSandboxTests.swift */ = {isa = PBXFileReference; lastKnownFileType = sourcecode.swift; path = AnimationSandboxTests.swift; sourceTree = "<group>"; };
		1CFFA1C0283C211200DDDF5A /* AnimationSandboxUITests.xctest */ = {isa = PBXFileReference; explicitFileType = wrapper.cfbundle; includeInIndex = 0; path = AnimationSandboxUITests.xctest; sourceTree = BUILT_PRODUCTS_DIR; };
		1CFFA1C4283C211200DDDF5A /* AnimationSandboxUITests.swift */ = {isa = PBXFileReference; lastKnownFileType = sourcecode.swift; path = AnimationSandboxUITests.swift; sourceTree = "<group>"; };
		1CFFA1C6283C211200DDDF5A /* AnimationSandboxUITestsLaunchTests.swift */ = {isa = PBXFileReference; lastKnownFileType = sourcecode.swift; path = AnimationSandboxUITestsLaunchTests.swift; sourceTree = "<group>"; };
/* End PBXFileReference section */

/* Begin PBXFrameworksBuildPhase section */
		1CFFA1A2283C210E00DDDF5A /* Frameworks */ = {
			isa = PBXFrameworksBuildPhase;
			buildActionMask = 2147483647;
			files = (
			);
			runOnlyForDeploymentPostprocessing = 0;
		};
		1CFFA1B3283C211200DDDF5A /* Frameworks */ = {
			isa = PBXFrameworksBuildPhase;
			buildActionMask = 2147483647;
			files = (
			);
			runOnlyForDeploymentPostprocessing = 0;
		};
		1CFFA1BD283C211200DDDF5A /* Frameworks */ = {
			isa = PBXFrameworksBuildPhase;
			buildActionMask = 2147483647;
			files = (
			);
			runOnlyForDeploymentPostprocessing = 0;
		};
/* End PBXFrameworksBuildPhase section */

/* Begin PBXGroup section */
		1CFFA19C283C210E00DDDF5A = {
			isa = PBXGroup;
			children = (
				1CFFA1A7283C210E00DDDF5A /* AnimationSandbox */,
				1CFFA1B9283C211200DDDF5A /* AnimationSandboxTests */,
				1CFFA1C3283C211200DDDF5A /* AnimationSandboxUITests */,
				1CFFA1A6283C210E00DDDF5A /* Products */,
			);
			sourceTree = "<group>";
		};
		1CFFA1A6283C210E00DDDF5A /* Products */ = {
			isa = PBXGroup;
			children = (
				1CFFA1A5283C210E00DDDF5A /* AnimationSandbox.app */,
				1CFFA1B6283C211200DDDF5A /* AnimationSandboxTests.xctest */,
				1CFFA1C0283C211200DDDF5A /* AnimationSandboxUITests.xctest */,
			);
			name = Products;
			sourceTree = "<group>";
		};
		1CFFA1A7283C210E00DDDF5A /* AnimationSandbox */ = {
			isa = PBXGroup;
			children = (
				1CFFA1A8283C210E00DDDF5A /* AnimationSandboxApp.swift */,
				1CFFA1AA283C210E00DDDF5A /* ContentView.swift */,
				1CFFA1AC283C211200DDDF5A /* Assets.xcassets */,
				1CFFA1B1283C211200DDDF5A /* AnimationSandbox.entitlements */,
				1CFFA1AE283C211200DDDF5A /* Preview Content */,
			);
			path = AnimationSandbox;
			sourceTree = "<group>";
		};
		1CFFA1AE283C211200DDDF5A /* Preview Content */ = {
			isa = PBXGroup;
			children = (
				1CFFA1AF283C211200DDDF5A /* Preview Assets.xcassets */,
			);
			path = "Preview Content";
			sourceTree = "<group>";
		};
		1CFFA1B9283C211200DDDF5A /* AnimationSandboxTests */ = {
			isa = PBXGroup;
			children = (
				1CFFA1BA283C211200DDDF5A /* AnimationSandboxTests.swift */,
			);
			path = AnimationSandboxTests;
			sourceTree = "<group>";
		};
		1CFFA1C3283C211200DDDF5A /* AnimationSandboxUITests */ = {
			isa = PBXGroup;
			children = (
				1CFFA1C4283C211200DDDF5A /* AnimationSandboxUITests.swift */,
				1CFFA1C6283C211200DDDF5A /* AnimationSandboxUITestsLaunchTests.swift */,
			);
			path = AnimationSandboxUITests;
			sourceTree = "<group>";
		};
/* End PBXGroup section */

/* Begin PBXNativeTarget section */
		1CFFA1A4283C210E00DDDF5A /* AnimationSandbox */ = {
			isa = PBXNativeTarget;
			buildConfigurationList = 1CFFA1CA283C211200DDDF5A /* Build configuration list for PBXNativeTarget "AnimationSandbox" */;
			buildPhases = (
				1CFFA1A1283C210E00DDDF5A /* Sources */,
				1CFFA1A2283C210E00DDDF5A /* Frameworks */,
				1CFFA1A3283C210E00DDDF5A /* Resources */,
			);
			buildRules = (
			);
			dependencies = (
			);
			name = AnimationSandbox;
			productName = AnimationSandbox;
			productReference = 1CFFA1A5283C210E00DDDF5A /* AnimationSandbox.app */;
			productType = "com.apple.product-type.application";
		};
		1CFFA1B5283C211200DDDF5A /* AnimationSandboxTests */ = {
			isa = PBXNativeTarget;
			buildConfigurationList = 1CFFA1CD283C211200DDDF5A /* Build configuration list for PBXNativeTarget "AnimationSandboxTests" */;
			buildPhases = (
				1CFFA1B2283C211200DDDF5A /* Sources */,
				1CFFA1B3283C211200DDDF5A /* Frameworks */,
				1CFFA1B4283C211200DDDF5A /* Resources */,
			);
			buildRules = (
			);
			dependencies = (
				1CFFA1B8283C211200DDDF5A /* PBXTargetDependency */,
			);
			name = AnimationSandboxTests;
			productName = AnimationSandboxTests;
			productReference = 1CFFA1B6283C211200DDDF5A /* AnimationSandboxTests.xctest */;
			productType = "com.apple.product-type.bundle.unit-test";
		};
		1CFFA1BF283C211200DDDF5A /* AnimationSandboxUITests */ = {
			isa = PBXNativeTarget;
			buildConfigurationList = 1CFFA1D0283C211200DDDF5A /* Build configuration list for PBXNativeTarget "AnimationSandboxUITests" */;
			buildPhases = (
				1CFFA1BC283C211200DDDF5A /* Sources */,
				1CFFA1BD283C211200DDDF5A /* Frameworks */,
				1CFFA1BE283C211200DDDF5A /* Resources */,
			);
			buildRules = (
			);
			dependencies = (
				1CFFA1C2283C211200DDDF5A /* PBXTargetDependency */,
			);
			name = AnimationSandboxUITests;
			productName = AnimationSandboxUITests;
			productReference = 1CFFA1C0283C211200DDDF5A /* AnimationSandboxUITests.xctest */;
			productType = "com.apple.product-type.bundle.ui-testing";
		};
/* End PBXNativeTarget section */

/* Begin PBXProject section */
		1CFFA19D283C210E00DDDF5A /* Project object */ = {
			isa = PBXProject;
			attributes = {
				BuildIndependentTargetsInParallel = 1;
				LastSwiftUpdateCheck = 1340;
				LastUpgradeCheck = 1340;
				TargetAttributes = {
					1CFFA1A4283C210E00DDDF5A = {
						CreatedOnToolsVersion = 13.4;
					};
					1CFFA1B5283C211200DDDF5A = {
						CreatedOnToolsVersion = 13.4;
						TestTargetID = 1CFFA1A4283C210E00DDDF5A;
					};
					1CFFA1BF283C211200DDDF5A = {
						CreatedOnToolsVersion = 13.4;
						TestTargetID = 1CFFA1A4283C210E00DDDF5A;
					};
				};
			};
			buildConfigurationList = 1CFFA1A0283C210E00DDDF5A /* Build configuration list for PBXProject "AnimationSandbox" */;
			compatibilityVersion = "Xcode 13.0";
			developmentRegion = en;
			hasScannedForEncodings = 0;
			knownRegions = (
				en,
				Base,
			);
			mainGroup = 1CFFA19C283C210E00DDDF5A;
			productRefGroup = 1CFFA1A6283C210E00DDDF5A /* Products */;
			projectDirPath = "";
			projectRoot = "";
			targets = (
				1CFFA1A4283C210E00DDDF5A /* AnimationSandbox */,
				1CFFA1B5283C211200DDDF5A /* AnimationSandboxTests */,
				1CFFA1BF283C211200DDDF5A /* AnimationSandboxUITests */,
			);
		};
/* End PBXProject section */

/* Begin PBXResourcesBuildPhase section */
		1CFFA1A3283C210E00DDDF5A /* Resources */ = {
			isa = PBXResourcesBuildPhase;
			buildActionMask = 2147483647;
			files = (
				1CFFA1B0283C211200DDDF5A /* Preview Assets.xcassets in Resources */,
				1CFFA1AD283C211200DDDF5A /* Assets.xcassets in Resources */,
			);
			runOnlyForDeploymentPostprocessing = 0;
		};
		1CFFA1B4283C211200DDDF5A /* Resources */ = {
			isa = PBXResourcesBuildPhase;
			buildActionMask = 2147483647;
			files = (
			);
			runOnlyForDeploymentPostprocessing = 0;
		};
		1CFFA1BE283C211200DDDF5A /* Resources */ = {
			isa = PBXResourcesBuildPhase;
			buildActionMask = 2147483647;
			files = (
			);
			runOnlyForDeploymentPostprocessing = 0;
		};
/* End PBXResourcesBuildPhase section */

/* Begin PBXSourcesBuildPhase section */
		1CFFA1A1283C210E00DDDF5A /* Sources */ = {
			isa = PBXSourcesBuildPhase;
			buildActionMask = 2147483647;
			files = (
				1CFFA1AB283C210E00DDDF5A /* ContentView.swift in Sources */,
				1CFFA1A9283C210E00DDDF5A /* AnimationSandboxApp.swift in Sources */,
			);
			runOnlyForDeploymentPostprocessing = 0;
		};
		1CFFA1B2283C211200DDDF5A /* Sources */ = {
			isa = PBXSourcesBuildPhase;
			buildActionMask = 2147483647;
			files = (
				1CFFA1BB283C211200DDDF5A /* AnimationSandboxTests.swift in Sources */,
			);
			runOnlyForDeploymentPostprocessing = 0;
		};
		1CFFA1BC283C211200DDDF5A /* Sources */ = {
			isa = PBXSourcesBuildPhase;
			buildActionMask = 2147483647;
			files = (
				1CFFA1C5283C211200DDDF5A /* AnimationSandboxUITests.swift in Sources */,
				1CFFA1C7283C211200DDDF5A /* AnimationSandboxUITestsLaunchTests.swift in Sources */,
			);
			runOnlyForDeploymentPostprocessing = 0;
		};
/* End PBXSourcesBuildPhase section */

/* Begin PBXTargetDependency section */
		1CFFA1B8283C211200DDDF5A /* PBXTargetDependency */ = {
			isa = PBXTargetDependency;
			target = 1CFFA1A4283C210E00DDDF5A /* AnimationSandbox */;
			targetProxy = 1CFFA1B7283C211200DDDF5A /* PBXContainerItemProxy */;
		};
		1CFFA1C2283C211200DDDF5A /* PBXTargetDependency */ = {
			isa = PBXTargetDependency;
			target = 1CFFA1A4283C210E00DDDF5A /* AnimationSandbox */;
			targetProxy = 1CFFA1C1283C211200DDDF5A /* PBXContainerItemProxy */;
		};
/* End PBXTargetDependency section */

/* Begin XCBuildConfiguration section */
		1CFFA1C8283C211200DDDF5A /* Debug */ = {
			isa = XCBuildConfiguration;
			buildSettings = {
				ALWAYS_SEARCH_USER_PATHS = NO;
				CLANG_ANALYZER_NONNULL = YES;
				CLANG_ANALYZER_NUMBER_OBJECT_CONVERSION = YES_AGGRESSIVE;
				CLANG_CXX_LANGUAGE_STANDARD = "gnu++17";
				CLANG_ENABLE_MODULES = YES;
				CLANG_ENABLE_OBJC_ARC = YES;
				CLANG_ENABLE_OBJC_WEAK = YES;
				CLANG_WARN_BLOCK_CAPTURE_AUTORELEASING = YES;
				CLANG_WARN_BOOL_CONVERSION = YES;
				CLANG_WARN_COMMA = YES;
				CLANG_WARN_CONSTANT_CONVERSION = YES;
				CLANG_WARN_DEPRECATED_OBJC_IMPLEMENTATIONS = YES;
				CLANG_WARN_DIRECT_OBJC_ISA_USAGE = YES_ERROR;
				CLANG_WARN_DOCUMENTATION_COMMENTS = YES;
				CLANG_WARN_EMPTY_BODY = YES;
				CLANG_WARN_ENUM_CONVERSION = YES;
				CLANG_WARN_INFINITE_RECURSION = YES;
				CLANG_WARN_INT_CONVERSION = YES;
				CLANG_WARN_NON_LITERAL_NULL_CONVERSION = YES;
				CLANG_WARN_OBJC_IMPLICIT_RETAIN_SELF = YES;
				CLANG_WARN_OBJC_LITERAL_CONVERSION = YES;
				CLANG_WARN_OBJC_ROOT_CLASS = YES_ERROR;
				CLANG_WARN_QUOTED_INCLUDE_IN_FRAMEWORK_HEADER = YES;
				CLANG_WARN_RANGE_LOOP_ANALYSIS = YES;
				CLANG_WARN_STRICT_PROTOTYPES = YES;
				CLANG_WARN_SUSPICIOUS_MOVE = YES;
				CLANG_WARN_UNGUARDED_AVAILABILITY = YES_AGGRESSIVE;
				CLANG_WARN_UNREACHABLE_CODE = YES;
				CLANG_WARN__DUPLICATE_METHOD_MATCH = YES;
				COPY_PHASE_STRIP = NO;
				DEBUG_INFORMATION_FORMAT = dwarf;
				ENABLE_STRICT_OBJC_MSGSEND = YES;
				ENABLE_TESTABILITY = YES;
				GCC_C_LANGUAGE_STANDARD = gnu11;
				GCC_DYNAMIC_NO_PIC = NO;
				GCC_NO_COMMON_BLOCKS = YES;
				GCC_OPTIMIZATION_LEVEL = 0;
				GCC_PREPROCESSOR_DEFINITIONS = (
					"DEBUG=1",
					"$(inherited)",
				);
				GCC_WARN_64_TO_32_BIT_CONVERSION = YES;
				GCC_WARN_ABOUT_RETURN_TYPE = YES_ERROR;
				GCC_WARN_UNDECLARED_SELECTOR = YES;
				GCC_WARN_UNINITIALIZED_AUTOS = YES_AGGRESSIVE;
				GCC_WARN_UNUSED_FUNCTION = YES;
				GCC_WARN_UNUSED_VARIABLE = YES;
				MACOSX_DEPLOYMENT_TARGET = 12.3;
				MTL_ENABLE_DEBUG_INFO = INCLUDE_SOURCE;
				MTL_FAST_MATH = YES;
				ONLY_ACTIVE_ARCH = YES;
				SDKROOT = macosx;
				SWIFT_ACTIVE_COMPILATION_CONDITIONS = DEBUG;
				SWIFT_OPTIMIZATION_LEVEL = "-Onone";
			};
			name = Debug;
		};
		1CFFA1C9283C211200DDDF5A /* Release */ = {
			isa = XCBuildConfiguration;
			buildSettings = {
				ALWAYS_SEARCH_USER_PATHS = NO;
				CLANG_ANALYZER_NONNULL = YES;
				CLANG_ANALYZER_NUMBER_OBJECT_CONVERSION = YES_AGGRESSIVE;
				CLANG_CXX_LANGUAGE_STANDARD = "gnu++17";
				CLANG_ENABLE_MODULES = YES;
				CLANG_ENABLE_OBJC_ARC = YES;
				CLANG_ENABLE_OBJC_WEAK = YES;
				CLANG_WARN_BLOCK_CAPTURE_AUTORELEASING = YES;
				CLANG_WARN_BOOL_CONVERSION = YES;
				CLANG_WARN_COMMA = YES;
				CLANG_WARN_CONSTANT_CONVERSION = YES;
				CLANG_WARN_DEPRECATED_OBJC_IMPLEMENTATIONS = YES;
				CLANG_WARN_DIRECT_OBJC_ISA_USAGE = YES_ERROR;
				CLANG_WARN_DOCUMENTATION_COMMENTS = YES;
				CLANG_WARN_EMPTY_BODY = YES;
				CLANG_WARN_ENUM_CONVERSION = YES;
				CLANG_WARN_INFINITE_RECURSION = YES;
				CLANG_WARN_INT_CONVERSION = YES;
				CLANG_WARN_NON_LITERAL_NULL_CONVERSION = YES;
				CLANG_WARN_OBJC_IMPLICIT_RETAIN_SELF = YES;
				CLANG_WARN_OBJC_LITERAL_CONVERSION = YES;
				CLANG_WARN_OBJC_ROOT_CLASS = YES_ERROR;
				CLANG_WARN_QUOTED_INCLUDE_IN_FRAMEWORK_HEADER = YES;
				CLANG_WARN_RANGE_LOOP_ANALYSIS = YES;
				CLANG_WARN_STRICT_PROTOTYPES = YES;
				CLANG_WARN_SUSPICIOUS_MOVE = YES;
				CLANG_WARN_UNGUARDED_AVAILABILITY = YES_AGGRESSIVE;
				CLANG_WARN_UNREACHABLE_CODE = YES;
				CLANG_WARN__DUPLICATE_METHOD_MATCH = YES;
				COPY_PHASE_STRIP = NO;
				DEBUG_INFORMATION_FORMAT = "dwarf-with-dsym";
				ENABLE_NS_ASSERTIONS = NO;
				ENABLE_STRICT_OBJC_MSGSEND = YES;
				GCC_C_LANGUAGE_STANDARD = gnu11;
				GCC_NO_COMMON_BLOCKS = YES;
				GCC_WARN_64_TO_32_BIT_CONVERSION = YES;
				GCC_WARN_ABOUT_RETURN_TYPE = YES_ERROR;
				GCC_WARN_UNDECLARED_SELECTOR = YES;
				GCC_WARN_UNINITIALIZED_AUTOS = YES_AGGRESSIVE;
				GCC_WARN_UNUSED_FUNCTION = YES;
				GCC_WARN_UNUSED_VARIABLE = YES;
				MACOSX_DEPLOYMENT_TARGET = 12.3;
				MTL_ENABLE_DEBUG_INFO = NO;
				MTL_FAST_MATH = YES;
				SDKROOT = macosx;
				SWIFT_COMPILATION_MODE = wholemodule;
				SWIFT_OPTIMIZATION_LEVEL = "-O";
			};
			name = Release;
		};
		1CFFA1CB283C211200DDDF5A /* Debug */ = {
			isa = XCBuildConfiguration;
			buildSettings = {
				ASSETCATALOG_COMPILER_APPICON_NAME = AppIcon;
				ASSETCATALOG_COMPILER_GLOBAL_ACCENT_COLOR_NAME = AccentColor;
				CODE_SIGN_ENTITLEMENTS = AnimationSandbox/AnimationSandbox.entitlements;
				CODE_SIGN_STYLE = Automatic;
				COMBINE_HIDPI_IMAGES = YES;
				CURRENT_PROJECT_VERSION = 1;
				DEVELOPMENT_ASSET_PATHS = "\"AnimationSandbox/Preview Content\"";
				DEVELOPMENT_TEAM = T2VL29ER23;
				ENABLE_HARDENED_RUNTIME = YES;
				ENABLE_PREVIEWS = YES;
				GENERATE_INFOPLIST_FILE = YES;
				INFOPLIST_KEY_NSHumanReadableCopyright = "";
				LD_RUNPATH_SEARCH_PATHS = (
					"$(inherited)",
					"@executable_path/../Frameworks",
				);
				MARKETING_VERSION = 1.0;
				PRODUCT_BUNDLE_IDENTIFIER = com.leon.AnimationSandbox;
				PRODUCT_NAME = "$(TARGET_NAME)";
				SWIFT_EMIT_LOC_STRINGS = YES;
				SWIFT_VERSION = 5.0;
			};
			name = Debug;
		};
		1CFFA1CC283C211200DDDF5A /* Release */ = {
			isa = XCBuildConfiguration;
			buildSettings = {
				ASSETCATALOG_COMPILER_APPICON_NAME = AppIcon;
				ASSETCATALOG_COMPILER_GLOBAL_ACCENT_COLOR_NAME = AccentColor;
				CODE_SIGN_ENTITLEMENTS = AnimationSandbox/AnimationSandbox.entitlements;
				CODE_SIGN_STYLE = Automatic;
				COMBINE_HIDPI_IMAGES = YES;
				CURRENT_PROJECT_VERSION = 1;
				DEVELOPMENT_ASSET_PATHS = "\"AnimationSandbox/Preview Content\"";
				DEVELOPMENT_TEAM = T2VL29ER23;
				ENABLE_HARDENED_RUNTIME = YES;
				ENABLE_PREVIEWS = YES;
				GENERATE_INFOPLIST_FILE = YES;
				INFOPLIST_KEY_NSHumanReadableCopyright = "";
				LD_RUNPATH_SEARCH_PATHS = (
					"$(inherited)",
					"@executable_path/../Frameworks",
				);
				MARKETING_VERSION = 1.0;
				PRODUCT_BUNDLE_IDENTIFIER = com.leon.AnimationSandbox;
				PRODUCT_NAME = "$(TARGET_NAME)";
				SWIFT_EMIT_LOC_STRINGS = YES;
				SWIFT_VERSION = 5.0;
			};
			name = Release;
		};
		1CFFA1CE283C211200DDDF5A /* Debug */ = {
			isa = XCBuildConfiguration;
			buildSettings = {
				ALWAYS_EMBED_SWIFT_STANDARD_LIBRARIES = YES;
				BUNDLE_LOADER = "$(TEST_HOST)";
				CODE_SIGN_STYLE = Automatic;
				CURRENT_PROJECT_VERSION = 1;
				DEVELOPMENT_TEAM = T2VL29ER23;
				GENERATE_INFOPLIST_FILE = YES;
				MACOSX_DEPLOYMENT_TARGET = 12.3;
				MARKETING_VERSION = 1.0;
				PRODUCT_BUNDLE_IDENTIFIER = com.leon.AnimationSandboxTests;
				PRODUCT_NAME = "$(TARGET_NAME)";
				SWIFT_EMIT_LOC_STRINGS = NO;
				SWIFT_VERSION = 5.0;
				TEST_HOST = "$(BUILT_PRODUCTS_DIR)/AnimationSandbox.app/Contents/MacOS/AnimationSandbox";
			};
			name = Debug;
		};
		1CFFA1CF283C211200DDDF5A /* Release */ = {
			isa = XCBuildConfiguration;
			buildSettings = {
				ALWAYS_EMBED_SWIFT_STANDARD_LIBRARIES = YES;
				BUNDLE_LOADER = "$(TEST_HOST)";
				CODE_SIGN_STYLE = Automatic;
				CURRENT_PROJECT_VERSION = 1;
				DEVELOPMENT_TEAM = T2VL29ER23;
				GENERATE_INFOPLIST_FILE = YES;
				MACOSX_DEPLOYMENT_TARGET = 12.3;
				MARKETING_VERSION = 1.0;
				PRODUCT_BUNDLE_IDENTIFIER = com.leon.AnimationSandboxTests;
				PRODUCT_NAME = "$(TARGET_NAME)";
				SWIFT_EMIT_LOC_STRINGS = NO;
				SWIFT_VERSION = 5.0;
				TEST_HOST = "$(BUILT_PRODUCTS_DIR)/AnimationSandbox.app/Contents/MacOS/AnimationSandbox";
			};
			name = Release;
		};
		1CFFA1D1283C211200DDDF5A /* Debug */ = {
			isa = XCBuildConfiguration;
			buildSettings = {
				ALWAYS_EMBED_SWIFT_STANDARD_LIBRARIES = YES;
				CODE_SIGN_STYLE = Automatic;
				CURRENT_PROJECT_VERSION = 1;
				DEVELOPMENT_TEAM = T2VL29ER23;
				GENERATE_INFOPLIST_FILE = YES;
				MARKETING_VERSION = 1.0;
				PRODUCT_BUNDLE_IDENTIFIER = com.leon.AnimationSandboxUITests;
				PRODUCT_NAME = "$(TARGET_NAME)";
				SWIFT_EMIT_LOC_STRINGS = NO;
				SWIFT_VERSION = 5.0;
				TEST_TARGET_NAME = AnimationSandbox;
			};
			name = Debug;
		};
		1CFFA1D2283C211200DDDF5A /* Release */ = {
			isa = XCBuildConfiguration;
			buildSettings = {
				ALWAYS_EMBED_SWIFT_STANDARD_LIBRARIES = YES;
				CODE_SIGN_STYLE = Automatic;
				CURRENT_PROJECT_VERSION = 1;
				DEVELOPMENT_TEAM = T2VL29ER23;
				GENERATE_INFOPLIST_FILE = YES;
				MARKETING_VERSION = 1.0;
				PRODUCT_BUNDLE_IDENTIFIER = com.leon.AnimationSandboxUITests;
				PRODUCT_NAME = "$(TARGET_NAME)";
				SWIFT_EMIT_LOC_STRINGS = NO;
				SWIFT_VERSION = 5.0;
				TEST_TARGET_NAME = AnimationSandbox;
			};
			name = Release;
		};
/* End XCBuildConfiguration section */

/* Begin XCConfigurationList section */
		1CFFA1A0283C210E00DDDF5A /* Build configuration list for PBXProject "AnimationSandbox" */ = {
			isa = XCConfigurationList;
			buildConfigurations = (
				1CFFA1C8283C211200DDDF5A /* Debug */,
				1CFFA1C9283C211200DDDF5A /* Release */,
			);
			defaultConfigurationIsVisible = 0;
			defaultConfigurationName = Release;
		};
		1CFFA1CA283C211200DDDF5A /* Build configuration list for PBXNativeTarget "AnimationSandbox" */ = {
			isa = XCConfigurationList;
			buildConfigurations = (
				1CFFA1CB283C211200DDDF5A /* Debug */,
				1CFFA1CC283C211200DDDF5A /* Release */,
			);
			defaultConfigurationIsVisible = 0;
			defaultConfigurationName = Release;
		};
		1CFFA1CD283C211200DDDF5A /* Build configuration list for PBXNativeTarget "AnimationSandboxTests" */ = {
			isa = XCConfigurationList;
			buildConfigurations = (
				1CFFA1CE283C211200DDDF5A /* Debug */,
				1CFFA1CF283C211200DDDF5A /* Release */,
			);
			defaultConfigurationIsVisible = 0;
			defaultConfigurationName = Release;
		};
		1CFFA1D0283C211200DDDF5A /* Build configuration list for PBXNativeTarget "AnimationSandboxUITests" */ = {
			isa = XCConfigurationList;
			buildConfigurations = (
				1CFFA1D1283C211200DDDF5A /* Debug */,
				1CFFA1D2283C211200DDDF5A /* Release */,
			);
			defaultConfigurationIsVisible = 0;
			defaultConfigurationName = Release;
		};
/* End XCConfigurationList section */
	};
	rootObject = 1CFFA19D283C210E00DDDF5A /* Project object */;
}
